
Microsoft Visual Studio Solution File, Format Version 12.00
# Visual Studio 15
VisualStudioVersion = 15.0.28010.2003
MinimumVisualStudioVersion = 10.0.40219.1
Project("{FAE04EC0-301F-11D3-BF4B-00C04F79EFBC}") = "CallInfoViaBT", "CallInfoViaBT\CallInfoViaBT.csproj", "{31C1093E-746E-4252-9447-C673BD50E59E}"
EndProject
Global
	GlobalSection(SolutionConfigurationPlatforms) = preSolution
		Debug|Any CPU = Debug|Any CPU
		Release|Any CPU = Release|Any CPU
	EndGlobalSection
	GlobalSection(ProjectConfigurationPlatforms) = postSolution
		{31C1093E-746E-4252-9447-C673BD50E59E}.Debug|Any CPU.ActiveCfg = Debug|Any CPU
		{31C1093E-746E-4252-9447-C673BD50E59E}.Debug|Any CPU.Build.0 = Debug|Any CPU
		{31C1093E-746E-4252-9447-C673BD50E59E}.Release|Any CPU.ActiveCfg = Release|Any CPU
		{31C1093E-746E-4252-9447-C673BD50E59E}.Release|Any CPU.Build.0 = Release|Any CPU
	EndGlobalSection
	GlobalSection(SolutionProperties) = preSolution
		HideSolutionNode = FALSE
	EndGlobalSection
	GlobalSection(ExtensibilityGlobals) = postSolution
		SolutionGuid = {ECC0214A-91F4-4624-9599-7787E85E06D7}
	EndGlobalSection
EndGlobal
